{
  "name": "hello-heic",
  "version": "1.0.0",
  "lockfileVersion": 1,
  "requires": true,
  "dependencies": {
    "jpeg-js": {
      "version": "0.4.2",
      "resolved": "https://registry.npmjs.org/jpeg-js/-/jpeg-js-0.4.2.tgz",
      "integrity": "sha512-+az2gi/hvex7eLTMTlbRLOhH6P6WFdk2ITI8HJsaH2VqYO0I594zXSYEP+tf4FW+8Cy68ScDXoAsQdyQanv3sw=="
    },
    "libheif-js": {
      "version": "1.9.1",
      "resolved": "https://registry.npmjs.org/libheif-js/-/libheif-js-1.9.1.tgz",
      "integrity": "sha512-tWaVeeKs0ikAkh1Rlad9kWslRn8c0c52yIJvrsEPPsvla+BTDADFOhd+AaczGtMOVqeErg6HnLU+b33XkbdfCw=="
    }
  }
}
